
Microsoft Visual Studio Solution File, Format Version 12.00
# Visual Studio Version 17
VisualStudioVersion = 17.9.34728.123
MinimumVisualStudioVersion = 10.0.40219.1
Project("{FAE04EC0-301F-11D3-BF4B-00C04F79EFBC}") = "CadParcial2dsgc", "CadParcial2dsgc\CadParcial2dsgc.csproj", "{6E3930F4-C666-4488-8F8B-56DE4F5ED07B}"
EndProject
Project("{FAE04EC0-301F-11D3-BF4B-00C04F79EFBC}") = "ClnParcial2dsgc", "ClnParcial2dsgc\ClnParcial2dsgc.csproj", "{005DE1E4-9B27-489E-A72F-AABDD3C8FDCC}"
EndProject
Project("{FAE04EC0-301F-11D3-BF4B-00C04F79EFBC}") = "CpParcial2dsgc", "CpParcial2dsgc\CpParcial2dsgc.csproj", "{58C108F9-B5E4-42B7-BBFA-FB86C02E3300}"
EndProject
Global
	GlobalSection(SolutionConfigurationPlatforms) = preSolution
		Debug|Any CPU = Debug|Any CPU
		Release|Any CPU = Release|Any CPU
	EndGlobalSection
	GlobalSection(ProjectConfigurationPlatforms) = postSolution
		{6E3930F4-C666-4488-8F8B-56DE4F5ED07B}.Debug|Any CPU.ActiveCfg = Debug|Any CPU
		{6E3930F4-C666-4488-8F8B-56DE4F5ED07B}.Debug|Any CPU.Build.0 = Debug|Any CPU
		{6E3930F4-C666-4488-8F8B-56DE4F5ED07B}.Release|Any CPU.ActiveCfg = Release|Any CPU
		{6E3930F4-C666-4488-8F8B-56DE4F5ED07B}.Release|Any CPU.Build.0 = Release|Any CPU
		{005DE1E4-9B27-489E-A72F-AABDD3C8FDCC}.Debug|Any CPU.ActiveCfg = Debug|Any CPU
		{005DE1E4-9B27-489E-A72F-AABDD3C8FDCC}.Debug|Any CPU.Build.0 = Debug|Any CPU
		{005DE1E4-9B27-489E-A72F-AABDD3C8FDCC}.Release|Any CPU.ActiveCfg = Release|Any CPU
		{005DE1E4-9B27-489E-A72F-AABDD3C8FDCC}.Release|Any CPU.Build.0 = Release|Any CPU
		{58C108F9-B5E4-42B7-BBFA-FB86C02E3300}.Debug|Any CPU.ActiveCfg = Debug|Any CPU
		{58C108F9-B5E4-42B7-BBFA-FB86C02E3300}.Debug|Any CPU.Build.0 = Debug|Any CPU
		{58C108F9-B5E4-42B7-BBFA-FB86C02E3300}.Release|Any CPU.ActiveCfg = Release|Any CPU
		{58C108F9-B5E4-42B7-BBFA-FB86C02E3300}.Release|Any CPU.Build.0 = Release|Any CPU
	EndGlobalSection
	GlobalSection(SolutionProperties) = preSolution
		HideSolutionNode = FALSE
	EndGlobalSection
	GlobalSection(ExtensibilityGlobals) = postSolution
		SolutionGuid = {7BE86563-4B63-40FF-852B-01A018C51757}
	EndGlobalSection
EndGlobal
